
Microsoft Visual Studio Solution File, Format Version 12.00
# Visual Studio 15
VisualStudioVersion = 15.0.28307.102
MinimumVisualStudioVersion = 10.0.40219.1
Project("{00D1A9C2-B5F0-4AF3-8072-F6C62B433612}") = "SQLProject", "SQLProject\SQLProject.sqlproj", "{008C65FF-D4DF-4284-8806-20C1B4986063}"
EndProject
Global
	GlobalSection(SolutionConfigurationPlatforms) = preSolution
		Debug|Any CPU = Debug|Any CPU
		Release|Any CPU = Release|Any CPU
	EndGlobalSection
	GlobalSection(ProjectConfigurationPlatforms) = postSolution
		{008C65FF-D4DF-4284-8806-20C1B4986063}.Debug|Any CPU.ActiveCfg = Debug|Any CPU
		{008C65FF-D4DF-4284-8806-20C1B4986063}.Debug|Any CPU.Build.0 = Debug|Any CPU
		{008C65FF-D4DF-4284-8806-20C1B4986063}.Debug|Any CPU.Deploy.0 = Debug|Any CPU
		{008C65FF-D4DF-4284-8806-20C1B4986063}.Release|Any CPU.ActiveCfg = Release|Any CPU
		{008C65FF-D4DF-4284-8806-20C1B4986063}.Release|Any CPU.Build.0 = Release|Any CPU
		{008C65FF-D4DF-4284-8806-20C1B4986063}.Release|Any CPU.Deploy.0 = Release|Any CPU
	EndGlobalSection
	GlobalSection(SolutionProperties) = preSolution
		HideSolutionNode = FALSE
	EndGlobalSection
	GlobalSection(ExtensibilityGlobals) = postSolution
		SolutionGuid = {85D15C13-9ADF-49AD-9B36-FC870115592E}
	EndGlobalSection
EndGlobal
